
Microsoft Visual Studio Solution File, Format Version 12.00
# Visual Studio 15
VisualStudioVersion = 15.0.27130.2020
MinimumVisualStudioVersion = 10.0.40219.1
Project("{FAE04EC0-301F-11D3-BF4B-00C04F79EFBC}") = "PacmanChallenge", "PacmanChallenge\PacmanChallenge.csproj", "{86DCA841-40C2-41E7-92DC-2A64ECB20C28}"
EndProject
Global
	GlobalSection(SolutionConfigurationPlatforms) = preSolution
		Debug|Any CPU = Debug|Any CPU
		Release|Any CPU = Release|Any CPU
	EndGlobalSection
	GlobalSection(ProjectConfigurationPlatforms) = postSolution
		{86DCA841-40C2-41E7-92DC-2A64ECB20C28}.Debug|Any CPU.ActiveCfg = Debug|Any CPU
		{86DCA841-40C2-41E7-92DC-2A64ECB20C28}.Debug|Any CPU.Build.0 = Debug|Any CPU
		{86DCA841-40C2-41E7-92DC-2A64ECB20C28}.Release|Any CPU.ActiveCfg = Release|Any CPU
		{86DCA841-40C2-41E7-92DC-2A64ECB20C28}.Release|Any CPU.Build.0 = Release|Any CPU
	EndGlobalSection
	GlobalSection(SolutionProperties) = preSolution
		HideSolutionNode = FALSE
	EndGlobalSection
	GlobalSection(ExtensibilityGlobals) = postSolution
		SolutionGuid = {35AE964C-0F1C-4BAD-BBC6-283A45E8CF2A}
	EndGlobalSection
EndGlobal
